
Microsoft Visual Studio Solution File, Format Version 12.00
# Visual Studio Version 17
VisualStudioVersion = 17.7.34202.233
MinimumVisualStudioVersion = 10.0.40219.1
Project("{9A19103F-16F7-4668-BE54-9A1E7A4F7556}") = "LdapService", "LdapService\LdapService.csproj", "{19AEE7FD-9FFC-401F-BFF2-14595EC56658}"
EndProject
Project("{9A19103F-16F7-4668-BE54-9A1E7A4F7556}") = "Gatekeeper.LdapServerLibrary", "LdapServerLibrary\Gatekeeper.LdapServerLibrary\Gatekeeper.LdapServerLibrary.csproj", "{553988A3-4C54-4674-A2C9-F4E486532571}"
EndProject
Project("{9A19103F-16F7-4668-BE54-9A1E7A4F7556}") = "Sample", "LdapServerLibrary\Sample\Sample.csproj", "{4020B0B0-4377-41AA-B051-ED966F3915A8}"
EndProject
Global
	GlobalSection(SolutionConfigurationPlatforms) = preSolution
		Debug|Any CPU = Debug|Any CPU
		Release|Any CPU = Release|Any CPU
	EndGlobalSection
	GlobalSection(ProjectConfigurationPlatforms) = postSolution
		{19AEE7FD-9FFC-401F-BFF2-14595EC56658}.Debug|Any CPU.ActiveCfg = Debug|Any CPU
		{19AEE7FD-9FFC-401F-BFF2-14595EC56658}.Debug|Any CPU.Build.0 = Debug|Any CPU
		{19AEE7FD-9FFC-401F-BFF2-14595EC56658}.Release|Any CPU.ActiveCfg = Release|Any CPU
		{19AEE7FD-9FFC-401F-BFF2-14595EC56658}.Release|Any CPU.Build.0 = Release|Any CPU
		{553988A3-4C54-4674-A2C9-F4E486532571}.Debug|Any CPU.ActiveCfg = Debug|Any CPU
		{553988A3-4C54-4674-A2C9-F4E486532571}.Debug|Any CPU.Build.0 = Debug|Any CPU
		{553988A3-4C54-4674-A2C9-F4E486532571}.Release|Any CPU.ActiveCfg = Release|Any CPU
		{553988A3-4C54-4674-A2C9-F4E486532571}.Release|Any CPU.Build.0 = Release|Any CPU
		{4020B0B0-4377-41AA-B051-ED966F3915A8}.Debug|Any CPU.ActiveCfg = Debug|Any CPU
		{4020B0B0-4377-41AA-B051-ED966F3915A8}.Debug|Any CPU.Build.0 = Debug|Any CPU
		{4020B0B0-4377-41AA-B051-ED966F3915A8}.Release|Any CPU.ActiveCfg = Release|Any CPU
		{4020B0B0-4377-41AA-B051-ED966F3915A8}.Release|Any CPU.Build.0 = Release|Any CPU
	EndGlobalSection
	GlobalSection(SolutionProperties) = preSolution
		HideSolutionNode = FALSE
	EndGlobalSection
	GlobalSection(ExtensibilityGlobals) = postSolution
		SolutionGuid = {AC6F2086-5654-4A0A-AC74-AAD7CDDF0EE8}
	EndGlobalSection
EndGlobal
